
Microsoft Visual Studio Solution File, Format Version 12.00
# Visual Studio Version 17
VisualStudioVersion = 17.0.31903.59
MinimumVisualStudioVersion = 10.0.40219.1
Project("{FAE04EC0-301F-11D3-BF4B-00C04F79EFBC}") = "PhoneApp2", "PhoneApp1\PhoneApp2.csproj", "{AFD8815D-F99C-46B6-81C3-3A4B42C17618}"
EndProject
Project("{FAE04EC0-301F-11D3-BF4B-00C04F79EFBC}") = "TestPhoneApp", "TestPhoneApp\TestPhoneApp.csproj", "{58E4929B-F8E5-4D4D-8DC1-10D3A10C0FD9}"
EndProject
Global
	GlobalSection(SolutionConfigurationPlatforms) = preSolution
		Debug|Any CPU = Debug|Any CPU
		Release|Any CPU = Release|Any CPU
	EndGlobalSection
	GlobalSection(ProjectConfigurationPlatforms) = postSolution
		{AFD8815D-F99C-46B6-81C3-3A4B42C17618}.Debug|Any CPU.ActiveCfg = Debug|Any CPU
		{AFD8815D-F99C-46B6-81C3-3A4B42C17618}.Debug|Any CPU.Build.0 = Debug|Any CPU
		{AFD8815D-F99C-46B6-81C3-3A4B42C17618}.Release|Any CPU.ActiveCfg = Release|Any CPU
		{AFD8815D-F99C-46B6-81C3-3A4B42C17618}.Release|Any CPU.Build.0 = Release|Any CPU
		{58E4929B-F8E5-4D4D-8DC1-10D3A10C0FD9}.Debug|Any CPU.ActiveCfg = Debug|Any CPU
		{58E4929B-F8E5-4D4D-8DC1-10D3A10C0FD9}.Debug|Any CPU.Build.0 = Debug|Any CPU
		{58E4929B-F8E5-4D4D-8DC1-10D3A10C0FD9}.Release|Any CPU.ActiveCfg = Release|Any CPU
		{58E4929B-F8E5-4D4D-8DC1-10D3A10C0FD9}.Release|Any CPU.Build.0 = Release|Any CPU
	EndGlobalSection
	GlobalSection(SolutionProperties) = preSolution
		HideSolutionNode = FALSE
	EndGlobalSection
EndGlobal
